
Microsoft Visual Studio Solution File, Format Version 12.00
# Visual Studio 2013
VisualStudioVersion = 12.0.31101.0
MinimumVisualStudioVersion = 10.0.40219.1
Project("{FAE04EC0-301F-11D3-BF4B-00C04F79EFBC}") = "Impostor", "Impostor\Impostor.csproj", "{711E7212-B65A-4EE9-AFC5-F186ECA5C009}"
EndProject
Project("{FAE04EC0-301F-11D3-BF4B-00C04F79EFBC}") = "Impostor.Hosts.Console", "Impostor.Hosts.Console\Impostor.Hosts.Console.csproj", "{7B6DAECD-0C48-4676-A9AD-A6D07A33FE9C}"
EndProject
Project("{FAE04EC0-301F-11D3-BF4B-00C04F79EFBC}") = "Impostor.Settings.Yaml", "Impostor.Settings.Yaml\Impostor.Settings.Yaml.csproj", "{77931836-4731-47D9-BF21-1F8044046E0C}"
EndProject
Project("{FAE04EC0-301F-11D3-BF4B-00C04F79EFBC}") = "Impostor.Tests.Unit", "Impostor.Tests.Unit\Impostor.Tests.Unit.csproj", "{2222D610-8020-4CC5-B893-6909F4EC1D86}"
EndProject
Project("{FAE04EC0-301F-11D3-BF4B-00C04F79EFBC}") = "Impostor.Tests.Integration", "Impostor.Tests.Integration\Impostor.Tests.Integration.csproj", "{467873E0-031A-4D60-BDF3-46E0C1CBE635}"
EndProject
Project("{FAE04EC0-301F-11D3-BF4B-00C04F79EFBC}") = "Impostor.Hosts.Web", "Impostor.Hosts.Web\Impostor.Hosts.Web.csproj", "{A437CE24-728E-4465-B9AF-3AE104EB3262}"
EndProject
Global
	GlobalSection(SolutionConfigurationPlatforms) = preSolution
		Debug|Any CPU = Debug|Any CPU
		Release|Any CPU = Release|Any CPU
	EndGlobalSection
	GlobalSection(ProjectConfigurationPlatforms) = postSolution
		{711E7212-B65A-4EE9-AFC5-F186ECA5C009}.Debug|Any CPU.ActiveCfg = Debug|Any CPU
		{711E7212-B65A-4EE9-AFC5-F186ECA5C009}.Debug|Any CPU.Build.0 = Debug|Any CPU
		{711E7212-B65A-4EE9-AFC5-F186ECA5C009}.Release|Any CPU.ActiveCfg = Release|Any CPU
		{711E7212-B65A-4EE9-AFC5-F186ECA5C009}.Release|Any CPU.Build.0 = Release|Any CPU
		{7B6DAECD-0C48-4676-A9AD-A6D07A33FE9C}.Debug|Any CPU.ActiveCfg = Debug|Any CPU
		{7B6DAECD-0C48-4676-A9AD-A6D07A33FE9C}.Debug|Any CPU.Build.0 = Debug|Any CPU
		{7B6DAECD-0C48-4676-A9AD-A6D07A33FE9C}.Release|Any CPU.ActiveCfg = Release|Any CPU
		{7B6DAECD-0C48-4676-A9AD-A6D07A33FE9C}.Release|Any CPU.Build.0 = Release|Any CPU
		{77931836-4731-47D9-BF21-1F8044046E0C}.Debug|Any CPU.ActiveCfg = Debug|Any CPU
		{77931836-4731-47D9-BF21-1F8044046E0C}.Debug|Any CPU.Build.0 = Debug|Any CPU
		{77931836-4731-47D9-BF21-1F8044046E0C}.Release|Any CPU.ActiveCfg = Release|Any CPU
		{77931836-4731-47D9-BF21-1F8044046E0C}.Release|Any CPU.Build.0 = Release|Any CPU
		{2222D610-8020-4CC5-B893-6909F4EC1D86}.Debug|Any CPU.ActiveCfg = Debug|Any CPU
		{2222D610-8020-4CC5-B893-6909F4EC1D86}.Debug|Any CPU.Build.0 = Debug|Any CPU
		{2222D610-8020-4CC5-B893-6909F4EC1D86}.Release|Any CPU.ActiveCfg = Release|Any CPU
		{2222D610-8020-4CC5-B893-6909F4EC1D86}.Release|Any CPU.Build.0 = Release|Any CPU
		{467873E0-031A-4D60-BDF3-46E0C1CBE635}.Debug|Any CPU.ActiveCfg = Debug|Any CPU
		{467873E0-031A-4D60-BDF3-46E0C1CBE635}.Debug|Any CPU.Build.0 = Debug|Any CPU
		{467873E0-031A-4D60-BDF3-46E0C1CBE635}.Release|Any CPU.ActiveCfg = Release|Any CPU
		{467873E0-031A-4D60-BDF3-46E0C1CBE635}.Release|Any CPU.Build.0 = Release|Any CPU
		{A437CE24-728E-4465-B9AF-3AE104EB3262}.Debug|Any CPU.ActiveCfg = Debug|Any CPU
		{A437CE24-728E-4465-B9AF-3AE104EB3262}.Debug|Any CPU.Build.0 = Debug|Any CPU
		{A437CE24-728E-4465-B9AF-3AE104EB3262}.Release|Any CPU.ActiveCfg = Release|Any CPU
		{A437CE24-728E-4465-B9AF-3AE104EB3262}.Release|Any CPU.Build.0 = Release|Any CPU
	EndGlobalSection
	GlobalSection(SolutionProperties) = preSolution
		HideSolutionNode = FALSE
	EndGlobalSection
EndGlobal
